
Microsoft Visual Studio Solution File, Format Version 12.00
# Visual Studio 15
VisualStudioVersion = 15.0.27130.2024
MinimumVisualStudioVersion = 10.0.40219.1
Project("{FAE04EC0-301F-11D3-BF4B-00C04F79EFBC}") = "juuhn-uwp", "juuhn-uwp\juuhn-uwp.csproj", "{E5487A00-D4CE-4354-B4F9-421FCEE0C27E}"
EndProject
Global
	GlobalSection(SolutionConfigurationPlatforms) = preSolution
		Debug|ARM = Debug|ARM
		Debug|x64 = Debug|x64
		Debug|x86 = Debug|x86
		Release|ARM = Release|ARM
		Release|x64 = Release|x64
		Release|x86 = Release|x86
	EndGlobalSection
	GlobalSection(ProjectConfigurationPlatforms) = postSolution
		{E5487A00-D4CE-4354-B4F9-421FCEE0C27E}.Debug|ARM.ActiveCfg = Debug|ARM
		{E5487A00-D4CE-4354-B4F9-421FCEE0C27E}.Debug|ARM.Build.0 = Debug|ARM
		{E5487A00-D4CE-4354-B4F9-421FCEE0C27E}.Debug|ARM.Deploy.0 = Debug|ARM
		{E5487A00-D4CE-4354-B4F9-421FCEE0C27E}.Debug|x64.ActiveCfg = Debug|x64
		{E5487A00-D4CE-4354-B4F9-421FCEE0C27E}.Debug|x64.Build.0 = Debug|x64
		{E5487A00-D4CE-4354-B4F9-421FCEE0C27E}.Debug|x64.Deploy.0 = Debug|x64
		{E5487A00-D4CE-4354-B4F9-421FCEE0C27E}.Debug|x86.ActiveCfg = Debug|x86
		{E5487A00-D4CE-4354-B4F9-421FCEE0C27E}.Debug|x86.Build.0 = Debug|x86
		{E5487A00-D4CE-4354-B4F9-421FCEE0C27E}.Debug|x86.Deploy.0 = Debug|x86
		{E5487A00-D4CE-4354-B4F9-421FCEE0C27E}.Release|ARM.ActiveCfg = Release|ARM
		{E5487A00-D4CE-4354-B4F9-421FCEE0C27E}.Release|ARM.Build.0 = Release|ARM
		{E5487A00-D4CE-4354-B4F9-421FCEE0C27E}.Release|ARM.Deploy.0 = Release|ARM
		{E5487A00-D4CE-4354-B4F9-421FCEE0C27E}.Release|x64.ActiveCfg = Release|x64
		{E5487A00-D4CE-4354-B4F9-421FCEE0C27E}.Release|x64.Build.0 = Release|x64
		{E5487A00-D4CE-4354-B4F9-421FCEE0C27E}.Release|x64.Deploy.0 = Release|x64
		{E5487A00-D4CE-4354-B4F9-421FCEE0C27E}.Release|x86.ActiveCfg = Release|x86
		{E5487A00-D4CE-4354-B4F9-421FCEE0C27E}.Release|x86.Build.0 = Release|x86
		{E5487A00-D4CE-4354-B4F9-421FCEE0C27E}.Release|x86.Deploy.0 = Release|x86
	EndGlobalSection
	GlobalSection(SolutionProperties) = preSolution
		HideSolutionNode = FALSE
	EndGlobalSection
	GlobalSection(ExtensibilityGlobals) = postSolution
		SolutionGuid = {2D5156DD-65FD-4434-B616-D609A02AA5E8}
	EndGlobalSection
EndGlobal
